
Microsoft Visual Studio Solution File, Format Version 12.00
# Visual Studio Version 16
VisualStudioVersion = 16.0.31624.102
MinimumVisualStudioVersion = 10.0.40219.1
Project("{FAE04EC0-301F-11D3-BF4B-00C04F79EFBC}") = "BasicCalculator", "BasicCalculator\BasicCalculator.csproj", "{92B6E1D2-2668-40A6-A6EB-175A23D8C6EE}"
EndProject
Global
	GlobalSection(SolutionConfigurationPlatforms) = preSolution
		Debug|Any CPU = Debug|Any CPU
		Release|Any CPU = Release|Any CPU
	EndGlobalSection
	GlobalSection(ProjectConfigurationPlatforms) = postSolution
		{92B6E1D2-2668-40A6-A6EB-175A23D8C6EE}.Debug|Any CPU.ActiveCfg = Debug|Any CPU
		{92B6E1D2-2668-40A6-A6EB-175A23D8C6EE}.Debug|Any CPU.Build.0 = Debug|Any CPU
		{92B6E1D2-2668-40A6-A6EB-175A23D8C6EE}.Release|Any CPU.ActiveCfg = Release|Any CPU
		{92B6E1D2-2668-40A6-A6EB-175A23D8C6EE}.Release|Any CPU.Build.0 = Release|Any CPU
	EndGlobalSection
	GlobalSection(SolutionProperties) = preSolution
		HideSolutionNode = FALSE
	EndGlobalSection
	GlobalSection(ExtensibilityGlobals) = postSolution
		SolutionGuid = {4BC821EC-9D77-4302-8AAC-07214F192DB7}
	EndGlobalSection
EndGlobal
